// !$*UTF8*$!
{
	archiveVersion = 1;
	classes = {
	};
	objectVersion = 50;
	objects = {

/* Begin PBXBuildFile section */
		A45EF898265250AC00DAD5BA /* AppDelegate.swift in Sources */ = {isa = PBXBuildFile; fileRef = A45EF897265250AC00DAD5BA /* AppDelegate.swift */; };
		A45EF89A265250AC00DAD5BA /* SceneDelegate.swift in Sources */ = {isa = PBXBuildFile; fileRef = A45EF899265250AC00DAD5BA /* SceneDelegate.swift */; };
		A45EF89C265250AC00DAD5BA /* ViewController.swift in Sources */ = {isa = PBXBuildFile; fileRef = A45EF89B265250AC00DAD5BA /* ViewController.swift */; };
		A45EF89F265250AC00DAD5BA /* Main.storyboard in Resources */ = {isa = PBXBuildFile; fileRef = A45EF89D265250AC00DAD5BA /* Main.storyboard */; };
		A45EF8A1265250AE00DAD5BA /* Assets.xcassets in Resources */ = {isa = PBXBuildFile; fileRef = A45EF8A0265250AE00DAD5BA /* Assets.xcassets */; };
		A45EF8A4265250AE00DAD5BA /* LaunchScreen.storyboard in Resources */ = {isa = PBXBuildFile; fileRef = A45EF8A2265250AE00DAD5BA /* LaunchScreen.storyboard */; };
		A45EF8AF265250AE00DAD5BA /* scrollViewTests.swift in Sources */ = {isa = PBXBuildFile; fileRef = A45EF8AE265250AE00DAD5BA /* scrollViewTests.swift */; };
		A45EF8BA265250AE00DAD5BA /* scrollViewUITests.swift in Sources */ = {isa = PBXBuildFile; fileRef = A45EF8B9265250AE00DAD5BA /* scrollViewUITests.swift */; };
/* End PBXBuildFile section */

/* Begin PBXContainerItemProxy section */
		A45EF8AB265250AE00DAD5BA /* PBXContainerItemProxy */ = {
			isa = PBXContainerItemProxy;
			containerPortal = A45EF88C265250AC00DAD5BA /* Project object */;
			proxyType = 1;
			remoteGlobalIDString = A45EF893265250AC00DAD5BA;
			remoteInfo = scrollView;
		};
		A45EF8B6265250AE00DAD5BA /* PBXContainerItemProxy */ = {
			isa = PBXContainerItemProxy;
			containerPortal = A45EF88C265250AC00DAD5BA /* Project object */;
			proxyType = 1;
			remoteGlobalIDString = A45EF893265250AC00DAD5BA;
			remoteInfo = scrollView;
		};
/* End PBXContainerItemProxy section */

/* Begin PBXFileReference section */
		A45EF894265250AC00DAD5BA /* scrollView.app */ = {isa = PBXFileReference; explicitFileType = wrapper.application; includeInIndex = 0; path = scrollView.app; sourceTree = BUILT_PRODUCTS_DIR; };
		A45EF897265250AC00DAD5BA /* AppDelegate.swift */ = {isa = PBXFileReference; lastKnownFileType = sourcecode.swift; path = AppDelegate.swift; sourceTree = "<group>"; };
		A45EF899265250AC00DAD5BA /* SceneDelegate.swift */ = {isa = PBXFileReference; lastKnownFileType = sourcecode.swift; path = SceneDelegate.swift; sourceTree = "<group>"; };
		A45EF89B265250AC00DAD5BA /* ViewController.swift */ = {isa = PBXFileReference; lastKnownFileType = sourcecode.swift; path = ViewController.swift; sourceTree = "<group>"; };
		A45EF89E265250AC00DAD5BA /* Base */ = {isa = PBXFileReference; lastKnownFileType = file.storyboard; name = Base; path = Base.lproj/Main.storyboard; sourceTree = "<group>"; };
		A45EF8A0265250AE00DAD5BA /* Assets.xcassets */ = {isa = PBXFileReference; lastKnownFileType = folder.assetcatalog; path = Assets.xcassets; sourceTree = "<group>"; };
		A45EF8A3265250AE00DAD5BA /* Base */ = {isa = PBXFileReference; lastKnownFileType = file.storyboard; name = Base; path = Base.lproj/LaunchScreen.storyboard; sourceTree = "<group>"; };
		A45EF8A5265250AE00DAD5BA /* Info.plist */ = {isa = PBXFileReference; lastKnownFileType = text.plist.xml; path = Info.plist; sourceTree = "<group>"; };
		A45EF8AA265250AE00DAD5BA /* scrollViewTests.xctest */ = {isa = PBXFileReference; explicitFileType = wrapper.cfbundle; includeInIndex = 0; path = scrollViewTests.xctest; sourceTree = BUILT_PRODUCTS_DIR; };
		A45EF8AE265250AE00DAD5BA /* scrollViewTests.swift */ = {isa = PBXFileReference; lastKnownFileType = sourcecode.swift; path = scrollViewTests.swift; sourceTree = "<group>"; };
		A45EF8B0265250AE00DAD5BA /* Info.plist */ = {isa = PBXFileReference; lastKnownFileType = text.plist.xml; path = Info.plist; sourceTree = "<group>"; };
		A45EF8B5265250AE00DAD5BA /* scrollViewUITests.xctest */ = {isa = PBXFileReference; explicitFileType = wrapper.cfbundle; includeInIndex = 0; path = scrollViewUITests.xctest; sourceTree = BUILT_PRODUCTS_DIR; };
		A45EF8B9265250AE00DAD5BA /* scrollViewUITests.swift */ = {isa = PBXFileReference; lastKnownFileType = sourcecode.swift; path = scrollViewUITests.swift; sourceTree = "<group>"; };
		A45EF8BB265250AE00DAD5BA /* Info.plist */ = {isa = PBXFileReference; lastKnownFileType = text.plist.xml; path = Info.plist; sourceTree = "<group>"; };
/* End PBXFileReference section */

/* Begin PBXFrameworksBuildPhase section */
		A45EF891265250AC00DAD5BA /* Frameworks */ = {
			isa = PBXFrameworksBuildPhase;
			buildActionMask = 2147483647;
			files = (
			);
			runOnlyForDeploymentPostprocessing = 0;
		};
		A45EF8A7265250AE00DAD5BA /* Frameworks */ = {
			isa = PBXFrameworksBuildPhase;
			buildActionMask = 2147483647;
			files = (
			);
			runOnlyForDeploymentPostprocessing = 0;
		};
		A45EF8B2265250AE00DAD5BA /* Frameworks */ = {
			isa = PBXFrameworksBuildPhase;
			buildActionMask = 2147483647;
			files = (
			);
			runOnlyForDeploymentPostprocessing = 0;
		};
/* End PBXFrameworksBuildPhase section */

/* Begin PBXGroup section */
		A45EF88B265250AC00DAD5BA = {
			isa = PBXGroup;
			children = (
				A45EF896265250AC00DAD5BA /* scrollView */,
				A45EF8AD265250AE00DAD5BA /* scrollViewTests */,
				A45EF8B8265250AE00DAD5BA /* scrollViewUITests */,
				A45EF895265250AC00DAD5BA /* Products */,
			);
			sourceTree = "<group>";
		};
		A45EF895265250AC00DAD5BA /* Products */ = {
			isa = PBXGroup;
			children = (
				A45EF894265250AC00DAD5BA /* scrollView.app */,
				A45EF8AA265250AE00DAD5BA /* scrollViewTests.xctest */,
				A45EF8B5265250AE00DAD5BA /* scrollViewUITests.xctest */,
			);
			name = Products;
			sourceTree = "<group>";
		};
		A45EF896265250AC00DAD5BA /* scrollView */ = {
			isa = PBXGroup;
			children = (
				A45EF897265250AC00DAD5BA /* AppDelegate.swift */,
				A45EF899265250AC00DAD5BA /* SceneDelegate.swift */,
				A45EF89B265250AC00DAD5BA /* ViewController.swift */,
				A45EF89D265250AC00DAD5BA /* Main.storyboard */,
				A45EF8A0265250AE00DAD5BA /* Assets.xcassets */,
				A45EF8A2265250AE00DAD5BA /* LaunchScreen.storyboard */,
				A45EF8A5265250AE00DAD5BA /* Info.plist */,
			);
			path = scrollView;
			sourceTree = "<group>";
		};
		A45EF8AD265250AE00DAD5BA /* scrollViewTests */ = {
			isa = PBXGroup;
			children = (
				A45EF8AE265250AE00DAD5BA /* scrollViewTests.swift */,
				A45EF8B0265250AE00DAD5BA /* Info.plist */,
			);
			path = scrollViewTests;
			sourceTree = "<group>";
		};
		A45EF8B8265250AE00DAD5BA /* scrollViewUITests */ = {
			isa = PBXGroup;
			children = (
				A45EF8B9265250AE00DAD5BA /* scrollViewUITests.swift */,
				A45EF8BB265250AE00DAD5BA /* Info.plist */,
			);
			path = scrollViewUITests;
			sourceTree = "<group>";
		};
/* End PBXGroup section */

/* Begin PBXNativeTarget section */
		A45EF893265250AC00DAD5BA /* scrollView */ = {
			isa = PBXNativeTarget;
			buildConfigurationList = A45EF8BE265250AE00DAD5BA /* Build configuration list for PBXNativeTarget "scrollView" */;
			buildPhases = (
				A45EF890265250AC00DAD5BA /* Sources */,
				A45EF891265250AC00DAD5BA /* Frameworks */,
				A45EF892265250AC00DAD5BA /* Resources */,
			);
			buildRules = (
			);
			dependencies = (
			);
			name = scrollView;
			productName = scrollView;
			productReference = A45EF894265250AC00DAD5BA /* scrollView.app */;
			productType = "com.apple.product-type.application";
		};
		A45EF8A9265250AE00DAD5BA /* scrollViewTests */ = {
			isa = PBXNativeTarget;
			buildConfigurationList = A45EF8C1265250AE00DAD5BA /* Build configuration list for PBXNativeTarget "scrollViewTests" */;
			buildPhases = (
				A45EF8A6265250AE00DAD5BA /* Sources */,
				A45EF8A7265250AE00DAD5BA /* Frameworks */,
				A45EF8A8265250AE00DAD5BA /* Resources */,
			);
			buildRules = (
			);
			dependencies = (
				A45EF8AC265250AE00DAD5BA /* PBXTargetDependency */,
			);
			name = scrollViewTests;
			productName = scrollViewTests;
			productReference = A45EF8AA265250AE00DAD5BA /* scrollViewTests.xctest */;
			productType = "com.apple.product-type.bundle.unit-test";
		};
		A45EF8B4265250AE00DAD5BA /* scrollViewUITests */ = {
			isa = PBXNativeTarget;
			buildConfigurationList = A45EF8C4265250AE00DAD5BA /* Build configuration list for PBXNativeTarget "scrollViewUITests" */;
			buildPhases = (
				A45EF8B1265250AE00DAD5BA /* Sources */,
				A45EF8B2265250AE00DAD5BA /* Frameworks */,
				A45EF8B3265250AE00DAD5BA /* Resources */,
			);
			buildRules = (
			);
			dependencies = (
				A45EF8B7265250AE00DAD5BA /* PBXTargetDependency */,
			);
			name = scrollViewUITests;
			productName = scrollViewUITests;
			productReference = A45EF8B5265250AE00DAD5BA /* scrollViewUITests.xctest */;
			productType = "com.apple.product-type.bundle.ui-testing";
		};
/* End PBXNativeTarget section */

/* Begin PBXProject section */
		A45EF88C265250AC00DAD5BA /* Project object */ = {
			isa = PBXProject;
			attributes = {
				LastSwiftUpdateCheck = 1240;
				LastUpgradeCheck = 1240;
				TargetAttributes = {
					A45EF893265250AC00DAD5BA = {
						CreatedOnToolsVersion = 12.4;
					};
					A45EF8A9265250AE00DAD5BA = {
						CreatedOnToolsVersion = 12.4;
						TestTargetID = A45EF893265250AC00DAD5BA;
					};
					A45EF8B4265250AE00DAD5BA = {
						CreatedOnToolsVersion = 12.4;
						TestTargetID = A45EF893265250AC00DAD5BA;
					};
				};
			};
			buildConfigurationList = A45EF88F265250AC00DAD5BA /* Build configuration list for PBXProject "scrollView" */;
			compatibilityVersion = "Xcode 9.3";
			developmentRegion = en;
			hasScannedForEncodings = 0;
			knownRegions = (
				en,
				Base,
			);
			mainGroup = A45EF88B265250AC00DAD5BA;
			productRefGroup = A45EF895265250AC00DAD5BA /* Products */;
			projectDirPath = "";
			projectRoot = "";
			targets = (
				A45EF893265250AC00DAD5BA /* scrollView */,
				A45EF8A9265250AE00DAD5BA /* scrollViewTests */,
				A45EF8B4265250AE00DAD5BA /* scrollViewUITests */,
			);
		};
/* End PBXProject section */

/* Begin PBXResourcesBuildPhase section */
		A45EF892265250AC00DAD5BA /* Resources */ = {
			isa = PBXResourcesBuildPhase;
			buildActionMask = 2147483647;
			files = (
				A45EF8A4265250AE00DAD5BA /* LaunchScreen.storyboard in Resources */,
				A45EF8A1265250AE00DAD5BA /* Assets.xcassets in Resources */,
				A45EF89F265250AC00DAD5BA /* Main.storyboard in Resources */,
			);
			runOnlyForDeploymentPostprocessing = 0;
		};
		A45EF8A8265250AE00DAD5BA /* Resources */ = {
			isa = PBXResourcesBuildPhase;
			buildActionMask = 2147483647;
			files = (
			);
			runOnlyForDeploymentPostprocessing = 0;
		};
		A45EF8B3265250AE00DAD5BA /* Resources */ = {
			isa = PBXResourcesBuildPhase;
			buildActionMask = 2147483647;
			files = (
			);
			runOnlyForDeploymentPostprocessing = 0;
		};
/* End PBXResourcesBuildPhase section */

/* Begin PBXSourcesBuildPhase section */
		A45EF890265250AC00DAD5BA /* Sources */ = {
			isa = PBXSourcesBuildPhase;
			buildActionMask = 2147483647;
			files = (
				A45EF89C265250AC00DAD5BA /* ViewController.swift in Sources */,
				A45EF898265250AC00DAD5BA /* AppDelegate.swift in Sources */,
				A45EF89A265250AC00DAD5BA /* SceneDelegate.swift in Sources */,
			);
			runOnlyForDeploymentPostprocessing = 0;
		};
		A45EF8A6265250AE00DAD5BA /* Sources */ = {
			isa = PBXSourcesBuildPhase;
			buildActionMask = 2147483647;
			files = (
				A45EF8AF265250AE00DAD5BA /* scrollViewTests.swift in Sources */,
			);
			runOnlyForDeploymentPostprocessing = 0;
		};
		A45EF8B1265250AE00DAD5BA /* Sources */ = {
			isa = PBXSourcesBuildPhase;
			buildActionMask = 2147483647;
			files = (
				A45EF8BA265250AE00DAD5BA /* scrollViewUITests.swift in Sources */,
			);
			runOnlyForDeploymentPostprocessing = 0;
		};
/* End PBXSourcesBuildPhase section */

/* Begin PBXTargetDependency section */
		A45EF8AC265250AE00DAD5BA /* PBXTargetDependency */ = {
			isa = PBXTargetDependency;
			target = A45EF893265250AC00DAD5BA /* scrollView */;
			targetProxy = A45EF8AB265250AE00DAD5BA /* PBXContainerItemProxy */;
		};
		A45EF8B7265250AE00DAD5BA /* PBXTargetDependency */ = {
			isa = PBXTargetDependency;
			target = A45EF893265250AC00DAD5BA /* scrollView */;
			targetProxy = A45EF8B6265250AE00DAD5BA /* PBXContainerItemProxy */;
		};
/* End PBXTargetDependency section */

/* Begin PBXVariantGroup section */
		A45EF89D265250AC00DAD5BA /* Main.storyboard */ = {
			isa = PBXVariantGroup;
			children = (
				A45EF89E265250AC00DAD5BA /* Base */,
			);
			name = Main.storyboard;
			sourceTree = "<group>";
		};
		A45EF8A2265250AE00DAD5BA /* LaunchScreen.storyboard */ = {
			isa = PBXVariantGroup;
			children = (
				A45EF8A3265250AE00DAD5BA /* Base */,
			);
			name = LaunchScreen.storyboard;
			sourceTree = "<group>";
		};
/* End PBXVariantGroup section */

/* Begin XCBuildConfiguration section */
		A45EF8BC265250AE00DAD5BA /* Debug */ = {
			isa = XCBuildConfiguration;
			buildSettings = {
				ALWAYS_SEARCH_USER_PATHS = NO;
				CLANG_ANALYZER_NONNULL = YES;
				CLANG_ANALYZER_NUMBER_OBJECT_CONVERSION = YES_AGGRESSIVE;
				CLANG_CXX_LANGUAGE_STANDARD = "gnu++14";
				CLANG_CXX_LIBRARY = "libc++";
				CLANG_ENABLE_MODULES = YES;
				CLANG_ENABLE_OBJC_ARC = YES;
				CLANG_ENABLE_OBJC_WEAK = YES;
				CLANG_WARN_BLOCK_CAPTURE_AUTORELEASING = YES;
				CLANG_WARN_BOOL_CONVERSION = YES;
				CLANG_WARN_COMMA = YES;
				CLANG_WARN_CONSTANT_CONVERSION = YES;
				CLANG_WARN_DEPRECATED_OBJC_IMPLEMENTATIONS = YES;
				CLANG_WARN_DIRECT_OBJC_ISA_USAGE = YES_ERROR;
				CLANG_WARN_DOCUMENTATION_COMMENTS = YES;
				CLANG_WARN_EMPTY_BODY = YES;
				CLANG_WARN_ENUM_CONVERSION = YES;
				CLANG_WARN_INFINITE_RECURSION = YES;
				CLANG_WARN_INT_CONVERSION = YES;
				CLANG_WARN_NON_LITERAL_NULL_CONVERSION = YES;
				CLANG_WARN_OBJC_IMPLICIT_RETAIN_SELF = YES;
				CLANG_WARN_OBJC_LITERAL_CONVERSION = YES;
				CLANG_WARN_OBJC_ROOT_CLASS = YES_ERROR;
				CLANG_WARN_QUOTED_INCLUDE_IN_FRAMEWORK_HEADER = YES;
				CLANG_WARN_RANGE_LOOP_ANALYSIS = YES;
				CLANG_WARN_STRICT_PROTOTYPES = YES;
				CLANG_WARN_SUSPICIOUS_MOVE = YES;
				CLANG_WARN_UNGUARDED_AVAILABILITY = YES_AGGRESSIVE;
				CLANG_WARN_UNREACHABLE_CODE = YES;
				CLANG_WARN__DUPLICATE_METHOD_MATCH = YES;
				COPY_PHASE_STRIP = NO;
				DEBUG_INFORMATION_FORMAT = dwarf;
				ENABLE_STRICT_OBJC_MSGSEND = YES;
				ENABLE_TESTABILITY = YES;
				GCC_C_LANGUAGE_STANDARD = gnu11;
				GCC_DYNAMIC_NO_PIC = NO;
				GCC_NO_COMMON_BLOCKS = YES;
				GCC_OPTIMIZATION_LEVEL = 0;
				GCC_PREPROCESSOR_DEFINITIONS = (
					"DEBUG=1",
					"$(inherited)",
				);
				GCC_WARN_64_TO_32_BIT_CONVERSION = YES;
				GCC_WARN_ABOUT_RETURN_TYPE = YES_ERROR;
				GCC_WARN_UNDECLARED_SELECTOR = YES;
				GCC_WARN_UNINITIALIZED_AUTOS = YES_AGGRESSIVE;
				GCC_WARN_UNUSED_FUNCTION = YES;
				GCC_WARN_UNUSED_VARIABLE = YES;
				IPHONEOS_DEPLOYMENT_TARGET = 14.4;
				MTL_ENABLE_DEBUG_INFO = INCLUDE_SOURCE;
				MTL_FAST_MATH = YES;
				ONLY_ACTIVE_ARCH = YES;
				SDKROOT = iphoneos;
				SWIFT_ACTIVE_COMPILATION_CONDITIONS = DEBUG;
				SWIFT_OPTIMIZATION_LEVEL = "-Onone";
			};
			name = Debug;
		};
		A45EF8BD265250AE00DAD5BA /* Release */ = {
			isa = XCBuildConfiguration;
			buildSettings = {
				ALWAYS_SEARCH_USER_PATHS = NO;
				CLANG_ANALYZER_NONNULL = YES;
				CLANG_ANALYZER_NUMBER_OBJECT_CONVERSION = YES_AGGRESSIVE;
				CLANG_CXX_LANGUAGE_STANDARD = "gnu++14";
				CLANG_CXX_LIBRARY = "libc++";
				CLANG_ENABLE_MODULES = YES;
				CLANG_ENABLE_OBJC_ARC = YES;
				CLANG_ENABLE_OBJC_WEAK = YES;
				CLANG_WARN_BLOCK_CAPTURE_AUTORELEASING = YES;
				CLANG_WARN_BOOL_CONVERSION = YES;
				CLANG_WARN_COMMA = YES;
				CLANG_WARN_CONSTANT_CONVERSION = YES;
				CLANG_WARN_DEPRECATED_OBJC_IMPLEMENTATIONS = YES;
				CLANG_WARN_DIRECT_OBJC_ISA_USAGE = YES_ERROR;
				CLANG_WARN_DOCUMENTATION_COMMENTS = YES;
				CLANG_WARN_EMPTY_BODY = YES;
				CLANG_WARN_ENUM_CONVERSION = YES;
				CLANG_WARN_INFINITE_RECURSION = YES;
				CLANG_WARN_INT_CONVERSION = YES;
				CLANG_WARN_NON_LITERAL_NULL_CONVERSION = YES;
				CLANG_WARN_OBJC_IMPLICIT_RETAIN_SELF = YES;
				CLANG_WARN_OBJC_LITERAL_CONVERSION = YES;
				CLANG_WARN_OBJC_ROOT_CLASS = YES_ERROR;
				CLANG_WARN_QUOTED_INCLUDE_IN_FRAMEWORK_HEADER = YES;
				CLANG_WARN_RANGE_LOOP_ANALYSIS = YES;
				CLANG_WARN_STRICT_PROTOTYPES = YES;
				CLANG_WARN_SUSPICIOUS_MOVE = YES;
				CLANG_WARN_UNGUARDED_AVAILABILITY = YES_AGGRESSIVE;
				CLANG_WARN_UNREACHABLE_CODE = YES;
				CLANG_WARN__DUPLICATE_METHOD_MATCH = YES;
				COPY_PHASE_STRIP = NO;
				DEBUG_INFORMATION_FORMAT = "dwarf-with-dsym";
				ENABLE_NS_ASSERTIONS = NO;
				ENABLE_STRICT_OBJC_MSGSEND = YES;
				GCC_C_LANGUAGE_STANDARD = gnu11;
				GCC_NO_COMMON_BLOCKS = YES;
				GCC_WARN_64_TO_32_BIT_CONVERSION = YES;
				GCC_WARN_ABOUT_RETURN_TYPE = YES_ERROR;
				GCC_WARN_UNDECLARED_SELECTOR = YES;
				GCC_WARN_UNINITIALIZED_AUTOS = YES_AGGRESSIVE;
				GCC_WARN_UNUSED_FUNCTION = YES;
				GCC_WARN_UNUSED_VARIABLE = YES;
				IPHONEOS_DEPLOYMENT_TARGET = 14.4;
				MTL_ENABLE_DEBUG_INFO = NO;
				MTL_FAST_MATH = YES;
				SDKROOT = iphoneos;
				SWIFT_COMPILATION_MODE = wholemodule;
				SWIFT_OPTIMIZATION_LEVEL = "-O";
				VALIDATE_PRODUCT = YES;
			};
			name = Release;
		};
		A45EF8BF265250AE00DAD5BA /* Debug */ = {
			isa = XCBuildConfiguration;
			buildSettings = {
				ASSETCATALOG_COMPILER_APPICON_NAME = AppIcon;
				ASSETCATALOG_COMPILER_GLOBAL_ACCENT_COLOR_NAME = AccentColor;
				CODE_SIGN_STYLE = Automatic;
				DEVELOPMENT_TEAM = 8HSC6WJMH6;
				INFOPLIST_FILE = scrollView/Info.plist;
				LD_RUNPATH_SEARCH_PATHS = (
					"$(inherited)",
					"@executable_path/Frameworks",
				);
				PRODUCT_BUNDLE_IDENTIFIER = jp.techacademy.kazuma.miura2.scrollView;
				PRODUCT_NAME = "$(TARGET_NAME)";
				SWIFT_VERSION = 5.0;
				TARGETED_DEVICE_FAMILY = "1,2";
			};
			name = Debug;
		};
		A45EF8C0265250AE00DAD5BA /* Release */ = {
			isa = XCBuildConfiguration;
			buildSettings = {
				ASSETCATALOG_COMPILER_APPICON_NAME = AppIcon;
				ASSETCATALOG_COMPILER_GLOBAL_ACCENT_COLOR_NAME = AccentColor;
				CODE_SIGN_STYLE = Automatic;
				DEVELOPMENT_TEAM = 8HSC6WJMH6;
				INFOPLIST_FILE = scrollView/Info.plist;
				LD_RUNPATH_SEARCH_PATHS = (
					"$(inherited)",
					"@executable_path/Frameworks",
				);
				PRODUCT_BUNDLE_IDENTIFIER = jp.techacademy.kazuma.miura2.scrollView;
				PRODUCT_NAME = "$(TARGET_NAME)";
				SWIFT_VERSION = 5.0;
				TARGETED_DEVICE_FAMILY = "1,2";
			};
			name = Release;
		};
		A45EF8C2265250AE00DAD5BA /* Debug */ = {
			isa = XCBuildConfiguration;
			buildSettings = {
				ALWAYS_EMBED_SWIFT_STANDARD_LIBRARIES = YES;
				BUNDLE_LOADER = "$(TEST_HOST)";
				CODE_SIGN_STYLE = Automatic;
				DEVELOPMENT_TEAM = 8HSC6WJMH6;
				INFOPLIST_FILE = scrollViewTests/Info.plist;
				IPHONEOS_DEPLOYMENT_TARGET = 14.4;
				LD_RUNPATH_SEARCH_PATHS = (
					"$(inherited)",
					"@executable_path/Frameworks",
					"@loader_path/Frameworks",
				);
				PRODUCT_BUNDLE_IDENTIFIER = jp.techacademy.kazuma.miura2.scrollViewTests;
				PRODUCT_NAME = "$(TARGET_NAME)";
				SWIFT_VERSION = 5.0;
				TARGETED_DEVICE_FAMILY = "1,2";
				TEST_HOST = "$(BUILT_PRODUCTS_DIR)/scrollView.app/scrollView";
			};
			name = Debug;
		};
		A45EF8C3265250AE00DAD5BA /* Release */ = {
			isa = XCBuildConfiguration;
			buildSettings = {
				ALWAYS_EMBED_SWIFT_STANDARD_LIBRARIES = YES;
				BUNDLE_LOADER = "$(TEST_HOST)";
				CODE_SIGN_STYLE = Automatic;
				DEVELOPMENT_TEAM = 8HSC6WJMH6;
				INFOPLIST_FILE = scrollViewTests/Info.plist;
				IPHONEOS_DEPLOYMENT_TARGET = 14.4;
				LD_RUNPATH_SEARCH_PATHS = (
					"$(inherited)",
					"@executable_path/Frameworks",
					"@loader_path/Frameworks",
				);
				PRODUCT_BUNDLE_IDENTIFIER = jp.techacademy.kazuma.miura2.scrollViewTests;
				PRODUCT_NAME = "$(TARGET_NAME)";
				SWIFT_VERSION = 5.0;
				TARGETED_DEVICE_FAMILY = "1,2";
				TEST_HOST = "$(BUILT_PRODUCTS_DIR)/scrollView.app/scrollView";
			};
			name = Release;
		};
		A45EF8C5265250AE00DAD5BA /* Debug */ = {
			isa = XCBuildConfiguration;
			buildSettings = {
				ALWAYS_EMBED_SWIFT_STANDARD_LIBRARIES = YES;
				CODE_SIGN_STYLE = Automatic;
				DEVELOPMENT_TEAM = 8HSC6WJMH6;
				INFOPLIST_FILE = scrollViewUITests/Info.plist;
				LD_RUNPATH_SEARCH_PATHS = (
					"$(inherited)",
					"@executable_path/Frameworks",
					"@loader_path/Frameworks",
				);
				PRODUCT_BUNDLE_IDENTIFIER = jp.techacademy.kazuma.miura2.scrollViewUITests;
				PRODUCT_NAME = "$(TARGET_NAME)";
				SWIFT_VERSION = 5.0;
				TARGETED_DEVICE_FAMILY = "1,2";
				TEST_TARGET_NAME = scrollView;
			};
			name = Debug;
		};
		A45EF8C6265250AE00DAD5BA /* Release */ = {
			isa = XCBuildConfiguration;
			buildSettings = {
				ALWAYS_EMBED_SWIFT_STANDARD_LIBRARIES = YES;
				CODE_SIGN_STYLE = Automatic;
				DEVELOPMENT_TEAM = 8HSC6WJMH6;
				INFOPLIST_FILE = scrollViewUITests/Info.plist;
				LD_RUNPATH_SEARCH_PATHS = (
					"$(inherited)",
					"@executable_path/Frameworks",
					"@loader_path/Frameworks",
				);
				PRODUCT_BUNDLE_IDENTIFIER = jp.techacademy.kazuma.miura2.scrollViewUITests;
				PRODUCT_NAME = "$(TARGET_NAME)";
				SWIFT_VERSION = 5.0;
				TARGETED_DEVICE_FAMILY = "1,2";
				TEST_TARGET_NAME = scrollView;
			};
			name = Release;
		};
/* End XCBuildConfiguration section */

/* Begin XCConfigurationList section */
		A45EF88F265250AC00DAD5BA /* Build configuration list for PBXProject "scrollView" */ = {
			isa = XCConfigurationList;
			buildConfigurations = (
				A45EF8BC265250AE00DAD5BA /* Debug */,
				A45EF8BD265250AE00DAD5BA /* Release */,
			);
			defaultConfigurationIsVisible = 0;
			defaultConfigurationName = Release;
		};
		A45EF8BE265250AE00DAD5BA /* Build configuration list for PBXNativeTarget "scrollView" */ = {
			isa = XCConfigurationList;
			buildConfigurations = (
				A45EF8BF265250AE00DAD5BA /* Debug */,
				A45EF8C0265250AE00DAD5BA /* Release */,
			);
			defaultConfigurationIsVisible = 0;
			defaultConfigurationName = Release;
		};
		A45EF8C1265250AE00DAD5BA /* Build configuration list for PBXNativeTarget "scrollViewTests" */ = {
			isa = XCConfigurationList;
			buildConfigurations = (
				A45EF8C2265250AE00DAD5BA /* Debug */,
				A45EF8C3265250AE00DAD5BA /* Release */,
			);
			defaultConfigurationIsVisible = 0;
			defaultConfigurationName = Release;
		};
		A45EF8C4265250AE00DAD5BA /* Build configuration list for PBXNativeTarget "scrollViewUITests" */ = {
			isa = XCConfigurationList;
			buildConfigurations = (
				A45EF8C5265250AE00DAD5BA /* Debug */,
				A45EF8C6265250AE00DAD5BA /* Release */,
			);
			defaultConfigurationIsVisible = 0;
			defaultConfigurationName = Release;
		};
/* End XCConfigurationList section */
	};
	rootObject = A45EF88C265250AC00DAD5BA /* Project object */;
}
